github.com/go-chi/chi v4.0.3+incompatible h1:gakN3pDJnzZN5jqFV2TEdF66rTfKeITyR8qu6ekICEY=
github.com/go-chi/chi v4.0.3+incompatible/go.mod h1:eB3wogJHnLi3x/kFX2A+IbTBlXxmMeXJVKy9tTv1XzQ=
github.com/go-chi/cors v1.0.0 h1:e6x8k7uWbUwYs+aXDoiUzeQFT6l0cygBYyNhD7/1Tg0=
github.com/go-chi/cors v1.0.0/go.mod h1:K2Yje0VW/SJzxiyMYu6iPQYa7hMjQX2i/F491VChg1I=
github.com/go-sql-driver/mysql v1.4.0 h1:7LxgVwFb2hIQtMm87NdgAVfXjnt4OePseqT1tKx+opk=
github.com/go-sql-driver/mysql v1.4.0/go.mod h1:zAC/RDZ24gD3HViQzih4MyKcchzm+sOG5ZlKdlhCg5w=
github.com/golang/protobuf v1.3.1/go.mod h1:6lQm79b+lXiMfvg/cZm0SGofjICqVBUtrP5yJMmIC1U=
github.com/jmoiron/sqlx v1.2.0 h1:41Ip0zITnmWNR/vHV+S4m+VoUivnWY5E4OJfLZjCJMA=
github.com/jmoiron/sqlx v1.2.0/go.mod h1:1FEQNm3xlJgrMD+FBdI9+xvCksHtbpVBBw5dYhBSsks=
github.com/lib/pq v1.0.0 h1:X5PMW56eZitiTeO7tKzZxFCSpbFZJtkMMooicw2us9A=
github.com/lib/pq v1.0.0/go.mod h1:5WUZQaWbwv1U+lTReE5YruASi9Al49XbQIvNi/34Woo=
github.com/mattn/go-sqlite3 v1.9.0/go.mod h1:FPy6KqzDD04eiIsT53CuJW3U88zkxoIYsOqkbpncsNc=
github.com/mattn/go-sqlite3 v2.0.3+incompatible h1:gXHsfypPkaMZrKbD5209QV9jbUTJKjyR5WD3HYQSd+U=
github.com/mattn/go-sqlite3 v2.0.3+incompatible/go.mod h1:FPy6KqzDD04eiIsT53CuJW3U88zkxoIYsOqkbpncsNc=
golang.org/x/crypto v0.0.0-20190308221718-c2843e01d9a2/go.mod h1:djNgcEr1/C05ACkg1iLfiJU5Ep61QUkGW8qpdssI0+w=
golang.org/x/net v0.0.0-20190603091049-60506f45cf65/go.mod h1:HSz+uSET+XFnRR8LxR5pz3Of3rY3CfYBVs4xY44aLks=
golang.org/x/net v0.0.0-20200202094626-16171245cfb2 h1:CCH4IOTTfewWjGOlSp+zGcjutRKlBEZQ6wTn8ozI/nI=
golang.org/x/net v0.0.0-20200202094626-16171245cfb2/go.mod h1:z5CRVTTTmAJ677TzLLGU+0bjPO0LkuOLi4/5GtJWs/s=
golang.org/x/sys v0.0.0-20190215142949-d0b11bdaac8a/go.mod h1:STP8DvDyc/dI5b8T5hshtkjS+E42TnysNCUPdjciGhY=
golang.org/x/text v0.3.0/go.mod h1:NqM8EUOU14njkJ3fqMW+pc6Ldnwhi/IjpwHt7yyuwOQ=
golang.org/x/text v0.3.2 h1:tW2bmiBqwgJj/UpqtC8EpXEZVYOwU0yG4iWbprSVAcs=
golang.org/x/text v0.3.2/go.mod h1:bEr9sfX3Q8Zfm5fL9x+3itogRgK3+ptLWKqgva+5dAk=
golang.org/x/tools v0.0.0-20180917221912-90fa682c2a6e/go.mod h1:n7NCudcB/nEzxVGmLbDWY5pfWTLqBcC2KZ6jyYvM4mQ=
google.golang.org/appengine v1.6.5 h1:tycE03LOZYQNhDpS27tcQdAzLCVMaj7QT2SXxebnpCM=
google.golang.org/appengine v1.6.5/go.mod h1:8WjMMxjGQR8xUklV/ARdw2HLXBOI7O7uCIDZVag1xfc=
